
Microsoft Visual Studio Solution File, Format Version 12.00
# Visual Studio Version 17
VisualStudioVersion = 17.7.34024.191
MinimumVisualStudioVersion = 10.0.40219.1
Project("{FAE04EC0-301F-11D3-BF4B-00C04F79EFBC}") = "QuanLyThuVien", "QuanLyThuVien.csproj", "{06314406-522E-4367-9D91-5B1A573EF6DA}"
EndProject
Global
	GlobalSection(SolutionConfigurationPlatforms) = preSolution
		Debug|Any CPU = Debug|Any CPU
		Release|Any CPU = Release|Any CPU
	EndGlobalSection
	GlobalSection(ProjectConfigurationPlatforms) = postSolution
		{06314406-522E-4367-9D91-5B1A573EF6DA}.Debug|Any CPU.ActiveCfg = Debug|Any CPU
		{06314406-522E-4367-9D91-5B1A573EF6DA}.Debug|Any CPU.Build.0 = Debug|Any CPU
		{06314406-522E-4367-9D91-5B1A573EF6DA}.Release|Any CPU.ActiveCfg = Release|Any CPU
		{06314406-522E-4367-9D91-5B1A573EF6DA}.Release|Any CPU.Build.0 = Release|Any CPU
	EndGlobalSection
	GlobalSection(SolutionProperties) = preSolution
		HideSolutionNode = FALSE
	EndGlobalSection
	GlobalSection(ExtensibilityGlobals) = postSolution
		SolutionGuid = {F0951ED9-CBE2-449A-A334-931CEAB2188F}
	EndGlobalSection
EndGlobal
